// !$*UTF8*$!
{
	archiveVersion = 1;
	classes = {
	};
	objectVersion = 77;
	objects = {

/* Begin PBXBuildFile section */
		6C1123A22DE4861F00A3ADF1 /* UITests.xctestplan in Resources */ = {isa = PBXBuildFile; fileRef = 6C1123A12DE4861F00A3ADF1 /* UITests.xctestplan */; };
		6C579B152DE49DA00020DDC6 /* README.md in Resources */ = {isa = PBXBuildFile; fileRef = 6C579B142DE49DA00020DDC6 /* README.md */; };
		6C8F388C2DE4963800EE5420 /* AllTests.xctestplan in Resources */ = {isa = PBXBuildFile; fileRef = 6C8F388B2DE4963800EE5420 /* AllTests.xctestplan */; };
		6CBDA1012DDF98C30053CD9C /* Library in Frameworks */ = {isa = PBXBuildFile; productRef = 6CBDA1002DDF98C30053CD9C /* Library */; };
		6CE291552DE475BF00CB776D /* UnitTests.xctestplan in Resources */ = {isa = PBXBuildFile; fileRef = 6CE291542DE475BF00CB776D /* UnitTests.xctestplan */; };
		6CE291592DE4780500CB776D /* Library in Frameworks */ = {isa = PBXBuildFile; productRef = 6CE291582DE4780500CB776D /* Library */; };
		6CE2915B2DE4780500CB776D /* Networking in Frameworks */ = {isa = PBXBuildFile; productRef = 6CE2915A2DE4780500CB776D /* Networking */; };
		6CEB5E6F2DE4744F00E0506E /* Networking in Frameworks */ = {isa = PBXBuildFile; productRef = 6CEB5E6E2DE4744F00E0506E /* Networking */; };
/* End PBXBuildFile section */

/* Begin PBXContainerItemProxy section */
		6CED14D52DDF2F5E006EE0E5 /* PBXContainerItemProxy */ = {
			isa = PBXContainerItemProxy;
			containerPortal = 6CED14BF2DDF2F5D006EE0E5 /* Project object */;
			proxyType = 1;
			remoteGlobalIDString = 6CED14C62DDF2F5D006EE0E5;
			remoteInfo = "JPMorgan-APOD-SwiftUI";
		};
		6CED14DF2DDF2F5E006EE0E5 /* PBXContainerItemProxy */ = {
			isa = PBXContainerItemProxy;
			containerPortal = 6CED14BF2DDF2F5D006EE0E5 /* Project object */;
			proxyType = 1;
			remoteGlobalIDString = 6CED14C62DDF2F5D006EE0E5;
			remoteInfo = "JPMorgan-APOD-SwiftUI";
		};
/* End PBXContainerItemProxy section */

/* Begin PBXFileReference section */
		6C1123A12DE4861F00A3ADF1 /* UITests.xctestplan */ = {isa = PBXFileReference; lastKnownFileType = text; path = UITests.xctestplan; sourceTree = "<group>"; };
		6C579B142DE49DA00020DDC6 /* README.md */ = {isa = PBXFileReference; lastKnownFileType = net.daringfireball.markdown; path = README.md; sourceTree = "<group>"; };
		6C8F388B2DE4963800EE5420 /* AllTests.xctestplan */ = {isa = PBXFileReference; lastKnownFileType = text; path = AllTests.xctestplan; sourceTree = "<group>"; };
		6CE291542DE475BF00CB776D /* UnitTests.xctestplan */ = {isa = PBXFileReference; lastKnownFileType = text; path = UnitTests.xctestplan; sourceTree = "<group>"; };
		6CED14C72DDF2F5D006EE0E5 /* APOD.app */ = {isa = PBXFileReference; explicitFileType = wrapper.application; includeInIndex = 0; path = APOD.app; sourceTree = BUILT_PRODUCTS_DIR; };
		6CED14D42DDF2F5E006EE0E5 /* APODTests.xctest */ = {isa = PBXFileReference; explicitFileType = wrapper.cfbundle; includeInIndex = 0; path = APODTests.xctest; sourceTree = BUILT_PRODUCTS_DIR; };
		6CED14DE2DDF2F5E006EE0E5 /* APODUITests.xctest */ = {isa = PBXFileReference; explicitFileType = wrapper.cfbundle; includeInIndex = 0; path = APODUITests.xctest; sourceTree = BUILT_PRODUCTS_DIR; };
/* End PBXFileReference section */

/* Begin PBXFileSystemSynchronizedBuildFileExceptionSet section */
		6C929A7B2DE08AC60078B9E3 /* Exceptions for "APOD" folder in "APOD" target */ = {
			isa = PBXFileSystemSynchronizedBuildFileExceptionSet;
			membershipExceptions = (
				Resources/Info.plist,
			);
			target = 6CED14C62DDF2F5D006EE0E5 /* APOD */;
		};
/* End PBXFileSystemSynchronizedBuildFileExceptionSet section */

/* Begin PBXFileSystemSynchronizedRootGroup section */
		6C1123CC2DE4958000A3ADF1 /* Packages */ = {
			isa = PBXFileSystemSynchronizedRootGroup;
			path = Packages;
			sourceTree = "<group>";
		};
		6CED14C92DDF2F5D006EE0E5 /* APOD */ = {
			isa = PBXFileSystemSynchronizedRootGroup;
			exceptions = (
				6C929A7B2DE08AC60078B9E3 /* Exceptions for "APOD" folder in "APOD" target */,
			);
			path = APOD;
			sourceTree = "<group>";
		};
		6CED14D72DDF2F5E006EE0E5 /* APODTests */ = {
			isa = PBXFileSystemSynchronizedRootGroup;
			path = APODTests;
			sourceTree = "<group>";
		};
		6CED14E12DDF2F5E006EE0E5 /* APODUITests */ = {
			isa = PBXFileSystemSynchronizedRootGroup;
			path = APODUITests;
			sourceTree = "<group>";
		};
/* End PBXFileSystemSynchronizedRootGroup section */

/* Begin PBXFrameworksBuildPhase section */
		6CED14C42DDF2F5D006EE0E5 /* Frameworks */ = {
			isa = PBXFrameworksBuildPhase;
			buildActionMask = 2147483647;
			files = (
				6CEB5E6F2DE4744F00E0506E /* Networking in Frameworks */,
				6CBDA1012DDF98C30053CD9C /* Library in Frameworks */,
			);
			runOnlyForDeploymentPostprocessing = 0;
		};
		6CED14D12DDF2F5E006EE0E5 /* Frameworks */ = {
			isa = PBXFrameworksBuildPhase;
			buildActionMask = 2147483647;
			files = (
				6CE2915B2DE4780500CB776D /* Networking in Frameworks */,
				6CE291592DE4780500CB776D /* Library in Frameworks */,
			);
			runOnlyForDeploymentPostprocessing = 0;
		};
		6CED14DB2DDF2F5E006EE0E5 /* Frameworks */ = {
			isa = PBXFrameworksBuildPhase;
			buildActionMask = 2147483647;
			files = (
			);
			runOnlyForDeploymentPostprocessing = 0;
		};
/* End PBXFrameworksBuildPhase section */

/* Begin PBXGroup section */
		6C4CC8282DDF5ACD0019C81A /* Frameworks */ = {
			isa = PBXGroup;
			children = (
			);
			name = Frameworks;
			sourceTree = "<group>";
		};
		6CED14BE2DDF2F5D006EE0E5 = {
			isa = PBXGroup;
			children = (
				6C579B142DE49DA00020DDC6 /* README.md */,
				6C8F388B2DE4963800EE5420 /* AllTests.xctestplan */,
				6C1123A12DE4861F00A3ADF1 /* UITests.xctestplan */,
				6CE291542DE475BF00CB776D /* UnitTests.xctestplan */,
				6C1123CC2DE4958000A3ADF1 /* Packages */,
				6CED14C92DDF2F5D006EE0E5 /* APOD */,
				6CED14D72DDF2F5E006EE0E5 /* APODTests */,
				6CED14E12DDF2F5E006EE0E5 /* APODUITests */,
				6C4CC8282DDF5ACD0019C81A /* Frameworks */,
				6CED14C82DDF2F5D006EE0E5 /* Products */,
			);
			sourceTree = "<group>";
		};
		6CED14C82DDF2F5D006EE0E5 /* Products */ = {
			isa = PBXGroup;
			children = (
				6CED14C72DDF2F5D006EE0E5 /* APOD.app */,
				6CED14D42DDF2F5E006EE0E5 /* APODTests.xctest */,
				6CED14DE2DDF2F5E006EE0E5 /* APODUITests.xctest */,
			);
			name = Products;
			sourceTree = "<group>";
		};
/* End PBXGroup section */

/* Begin PBXNativeTarget section */
		6CED14C62DDF2F5D006EE0E5 /* APOD */ = {
			isa = PBXNativeTarget;
			buildConfigurationList = 6CED14E82DDF2F5E006EE0E5 /* Build configuration list for PBXNativeTarget "APOD" */;
			buildPhases = (
				6CED14C32DDF2F5D006EE0E5 /* Sources */,
				6CED14C42DDF2F5D006EE0E5 /* Frameworks */,
				6CED14C52DDF2F5D006EE0E5 /* Resources */,
			);
			buildRules = (
			);
			dependencies = (
			);
			fileSystemSynchronizedGroups = (
				6C1123CC2DE4958000A3ADF1 /* Packages */,
				6CED14C92DDF2F5D006EE0E5 /* APOD */,
			);
			name = APOD;
			packageProductDependencies = (
				6CBDA1002DDF98C30053CD9C /* Library */,
				6CEB5E6E2DE4744F00E0506E /* Networking */,
			);
			productName = "JPMorgan-APOD-SwiftUI";
			productReference = 6CED14C72DDF2F5D006EE0E5 /* APOD.app */;
			productType = "com.apple.product-type.application";
		};
		6CED14D32DDF2F5E006EE0E5 /* APODTests */ = {
			isa = PBXNativeTarget;
			buildConfigurationList = 6CED14EB2DDF2F5E006EE0E5 /* Build configuration list for PBXNativeTarget "APODTests" */;
			buildPhases = (
				6CED14D02DDF2F5E006EE0E5 /* Sources */,
				6CED14D12DDF2F5E006EE0E5 /* Frameworks */,
				6CED14D22DDF2F5E006EE0E5 /* Resources */,
			);
			buildRules = (
			);
			dependencies = (
				6CED14D62DDF2F5E006EE0E5 /* PBXTargetDependency */,
			);
			fileSystemSynchronizedGroups = (
				6CED14D72DDF2F5E006EE0E5 /* APODTests */,
			);
			name = APODTests;
			packageProductDependencies = (
				6CE291582DE4780500CB776D /* Library */,
				6CE2915A2DE4780500CB776D /* Networking */,
			);
			productName = "JPMorgan-APOD-SwiftUITests";
			productReference = 6CED14D42DDF2F5E006EE0E5 /* APODTests.xctest */;
			productType = "com.apple.product-type.bundle.unit-test";
		};
		6CED14DD2DDF2F5E006EE0E5 /* APODUITests */ = {
			isa = PBXNativeTarget;
			buildConfigurationList = 6CED14EE2DDF2F5E006EE0E5 /* Build configuration list for PBXNativeTarget "APODUITests" */;
			buildPhases = (
				6CED14DA2DDF2F5E006EE0E5 /* Sources */,
				6CED14DB2DDF2F5E006EE0E5 /* Frameworks */,
				6CED14DC2DDF2F5E006EE0E5 /* Resources */,
			);
			buildRules = (
			);
			dependencies = (
				6CED14E02DDF2F5E006EE0E5 /* PBXTargetDependency */,
			);
			fileSystemSynchronizedGroups = (
				6CED14E12DDF2F5E006EE0E5 /* APODUITests */,
			);
			name = APODUITests;
			packageProductDependencies = (
			);
			productName = "JPMorgan-APOD-SwiftUIUITests";
			productReference = 6CED14DE2DDF2F5E006EE0E5 /* APODUITests.xctest */;
			productType = "com.apple.product-type.bundle.ui-testing";
		};
/* End PBXNativeTarget section */

/* Begin PBXProject section */
		6CED14BF2DDF2F5D006EE0E5 /* Project object */ = {
			isa = PBXProject;
			attributes = {
				BuildIndependentTargetsInParallel = 1;
				LastSwiftUpdateCheck = 1630;
				LastUpgradeCheck = 1630;
				TargetAttributes = {
					6CED14C62DDF2F5D006EE0E5 = {
						CreatedOnToolsVersion = 16.3;
					};
					6CED14D32DDF2F5E006EE0E5 = {
						CreatedOnToolsVersion = 16.3;
						TestTargetID = 6CED14C62DDF2F5D006EE0E5;
					};
					6CED14DD2DDF2F5E006EE0E5 = {
						CreatedOnToolsVersion = 16.3;
						TestTargetID = 6CED14C62DDF2F5D006EE0E5;
					};
				};
			};
			buildConfigurationList = 6CED14C22DDF2F5D006EE0E5 /* Build configuration list for PBXProject "APOD" */;
			developmentRegion = en;
			hasScannedForEncodings = 0;
			knownRegions = (
				en,
				Base,
			);
			mainGroup = 6CED14BE2DDF2F5D006EE0E5;
			minimizedProjectReferenceProxies = 1;
			packageReferences = (
			);
			preferredProjectObjectVersion = 77;
			productRefGroup = 6CED14C82DDF2F5D006EE0E5 /* Products */;
			projectDirPath = "";
			projectRoot = "";
			targets = (
				6CED14C62DDF2F5D006EE0E5 /* APOD */,
				6CED14D32DDF2F5E006EE0E5 /* APODTests */,
				6CED14DD2DDF2F5E006EE0E5 /* APODUITests */,
			);
		};
/* End PBXProject section */

/* Begin PBXResourcesBuildPhase section */
		6CED14C52DDF2F5D006EE0E5 /* Resources */ = {
			isa = PBXResourcesBuildPhase;
			buildActionMask = 2147483647;
			files = (
				6CE291552DE475BF00CB776D /* UnitTests.xctestplan in Resources */,
				6C1123A22DE4861F00A3ADF1 /* UITests.xctestplan in Resources */,
				6C579B152DE49DA00020DDC6 /* README.md in Resources */,
				6C8F388C2DE4963800EE5420 /* AllTests.xctestplan in Resources */,
			);
			runOnlyForDeploymentPostprocessing = 0;
		};
		6CED14D22DDF2F5E006EE0E5 /* Resources */ = {
			isa = PBXResourcesBuildPhase;
			buildActionMask = 2147483647;
			files = (
			);
			runOnlyForDeploymentPostprocessing = 0;
		};
		6CED14DC2DDF2F5E006EE0E5 /* Resources */ = {
			isa = PBXResourcesBuildPhase;
			buildActionMask = 2147483647;
			files = (
			);
			runOnlyForDeploymentPostprocessing = 0;
		};
/* End PBXResourcesBuildPhase section */

/* Begin PBXSourcesBuildPhase section */
		6CED14C32DDF2F5D006EE0E5 /* Sources */ = {
			isa = PBXSourcesBuildPhase;
			buildActionMask = 2147483647;
			files = (
			);
			runOnlyForDeploymentPostprocessing = 0;
		};
		6CED14D02DDF2F5E006EE0E5 /* Sources */ = {
			isa = PBXSourcesBuildPhase;
			buildActionMask = 2147483647;
			files = (
			);
			runOnlyForDeploymentPostprocessing = 0;
		};
		6CED14DA2DDF2F5E006EE0E5 /* Sources */ = {
			isa = PBXSourcesBuildPhase;
			buildActionMask = 2147483647;
			files = (
			);
			runOnlyForDeploymentPostprocessing = 0;
		};
/* End PBXSourcesBuildPhase section */

/* Begin PBXTargetDependency section */
		6CED14D62DDF2F5E006EE0E5 /* PBXTargetDependency */ = {
			isa = PBXTargetDependency;
			target = 6CED14C62DDF2F5D006EE0E5 /* APOD */;
			targetProxy = 6CED14D52DDF2F5E006EE0E5 /* PBXContainerItemProxy */;
		};
		6CED14E02DDF2F5E006EE0E5 /* PBXTargetDependency */ = {
			isa = PBXTargetDependency;
			target = 6CED14C62DDF2F5D006EE0E5 /* APOD */;
			targetProxy = 6CED14DF2DDF2F5E006EE0E5 /* PBXContainerItemProxy */;
		};
/* End PBXTargetDependency section */

/* Begin XCBuildConfiguration section */
		6CED14E62DDF2F5E006EE0E5 /* Debug */ = {
			isa = XCBuildConfiguration;
			buildSettings = {
				ALWAYS_SEARCH_USER_PATHS = NO;
				ASSETCATALOG_COMPILER_GENERATE_SWIFT_ASSET_SYMBOL_EXTENSIONS = YES;
				CLANG_ANALYZER_NONNULL = YES;
				CLANG_ANALYZER_NUMBER_OBJECT_CONVERSION = YES_AGGRESSIVE;
				CLANG_CXX_LANGUAGE_STANDARD = "gnu++20";
				CLANG_ENABLE_MODULES = YES;
				CLANG_ENABLE_OBJC_ARC = YES;
				CLANG_ENABLE_OBJC_WEAK = YES;
				CLANG_WARN_BLOCK_CAPTURE_AUTORELEASING = YES;
				CLANG_WARN_BOOL_CONVERSION = YES;
				CLANG_WARN_COMMA = YES;
				CLANG_WARN_CONSTANT_CONVERSION = YES;
				CLANG_WARN_DEPRECATED_OBJC_IMPLEMENTATIONS = YES;
				CLANG_WARN_DIRECT_OBJC_ISA_USAGE = YES_ERROR;
				CLANG_WARN_DOCUMENTATION_COMMENTS = YES;
				CLANG_WARN_EMPTY_BODY = YES;
				CLANG_WARN_ENUM_CONVERSION = YES;
				CLANG_WARN_INFINITE_RECURSION = YES;
				CLANG_WARN_INT_CONVERSION = YES;
				CLANG_WARN_NON_LITERAL_NULL_CONVERSION = YES;
				CLANG_WARN_OBJC_IMPLICIT_RETAIN_SELF = YES;
				CLANG_WARN_OBJC_LITERAL_CONVERSION = YES;
				CLANG_WARN_OBJC_ROOT_CLASS = YES_ERROR;
				CLANG_WARN_QUOTED_INCLUDE_IN_FRAMEWORK_HEADER = YES;
				CLANG_WARN_RANGE_LOOP_ANALYSIS = YES;
				CLANG_WARN_STRICT_PROTOTYPES = YES;
				CLANG_WARN_SUSPICIOUS_MOVE = YES;
				CLANG_WARN_UNGUARDED_AVAILABILITY = YES_AGGRESSIVE;
				CLANG_WARN_UNREACHABLE_CODE = YES;
				CLANG_WARN__DUPLICATE_METHOD_MATCH = YES;
				COPY_PHASE_STRIP = NO;
				DEBUG_INFORMATION_FORMAT = dwarf;
				DEVELOPMENT_TEAM = EGJ7GMEH64;
				ENABLE_STRICT_OBJC_MSGSEND = YES;
				ENABLE_TESTABILITY = YES;
				ENABLE_USER_SCRIPT_SANDBOXING = YES;
				GCC_C_LANGUAGE_STANDARD = gnu17;
				GCC_DYNAMIC_NO_PIC = NO;
				GCC_NO_COMMON_BLOCKS = YES;
				GCC_OPTIMIZATION_LEVEL = 0;
				GCC_PREPROCESSOR_DEFINITIONS = (
					"DEBUG=1",
					"$(inherited)",
				);
				GCC_WARN_64_TO_32_BIT_CONVERSION = YES;
				GCC_WARN_ABOUT_RETURN_TYPE = YES_ERROR;
				GCC_WARN_UNDECLARED_SELECTOR = YES;
				GCC_WARN_UNINITIALIZED_AUTOS = YES_AGGRESSIVE;
				GCC_WARN_UNUSED_FUNCTION = YES;
				GCC_WARN_UNUSED_VARIABLE = YES;
				IPHONEOS_DEPLOYMENT_TARGET = 18.4;
				LOCALIZATION_PREFERS_STRING_CATALOGS = YES;
				MTL_ENABLE_DEBUG_INFO = INCLUDE_SOURCE;
				MTL_FAST_MATH = YES;
				ONLY_ACTIVE_ARCH = YES;
				SDKROOT = iphoneos;
				SWIFT_ACTIVE_COMPILATION_CONDITIONS = "DEBUG $(inherited)";
				SWIFT_OPTIMIZATION_LEVEL = "-Onone";
			};
			name = Debug;
		};
		6CED14E72DDF2F5E006EE0E5 /* Release */ = {
			isa = XCBuildConfiguration;
			buildSettings = {
				ALWAYS_SEARCH_USER_PATHS = NO;
				ASSETCATALOG_COMPILER_GENERATE_SWIFT_ASSET_SYMBOL_EXTENSIONS = YES;
				CLANG_ANALYZER_NONNULL = YES;
				CLANG_ANALYZER_NUMBER_OBJECT_CONVERSION = YES_AGGRESSIVE;
				CLANG_CXX_LANGUAGE_STANDARD = "gnu++20";
				CLANG_ENABLE_MODULES = YES;
				CLANG_ENABLE_OBJC_ARC = YES;
				CLANG_ENABLE_OBJC_WEAK = YES;
				CLANG_WARN_BLOCK_CAPTURE_AUTORELEASING = YES;
				CLANG_WARN_BOOL_CONVERSION = YES;
				CLANG_WARN_COMMA = YES;
				CLANG_WARN_CONSTANT_CONVERSION = YES;
				CLANG_WARN_DEPRECATED_OBJC_IMPLEMENTATIONS = YES;
				CLANG_WARN_DIRECT_OBJC_ISA_USAGE = YES_ERROR;
				CLANG_WARN_DOCUMENTATION_COMMENTS = YES;
				CLANG_WARN_EMPTY_BODY = YES;
				CLANG_WARN_ENUM_CONVERSION = YES;
				CLANG_WARN_INFINITE_RECURSION = YES;
				CLANG_WARN_INT_CONVERSION = YES;
				CLANG_WARN_NON_LITERAL_NULL_CONVERSION = YES;
				CLANG_WARN_OBJC_IMPLICIT_RETAIN_SELF = YES;
				CLANG_WARN_OBJC_LITERAL_CONVERSION = YES;
				CLANG_WARN_OBJC_ROOT_CLASS = YES_ERROR;
				CLANG_WARN_QUOTED_INCLUDE_IN_FRAMEWORK_HEADER = YES;
				CLANG_WARN_RANGE_LOOP_ANALYSIS = YES;
				CLANG_WARN_STRICT_PROTOTYPES = YES;
				CLANG_WARN_SUSPICIOUS_MOVE = YES;
				CLANG_WARN_UNGUARDED_AVAILABILITY = YES_AGGRESSIVE;
				CLANG_WARN_UNREACHABLE_CODE = YES;
				CLANG_WARN__DUPLICATE_METHOD_MATCH = YES;
				COPY_PHASE_STRIP = NO;
				DEBUG_INFORMATION_FORMAT = "dwarf-with-dsym";
				DEVELOPMENT_TEAM = EGJ7GMEH64;
				ENABLE_NS_ASSERTIONS = NO;
				ENABLE_STRICT_OBJC_MSGSEND = YES;
				ENABLE_USER_SCRIPT_SANDBOXING = YES;
				GCC_C_LANGUAGE_STANDARD = gnu17;
				GCC_NO_COMMON_BLOCKS = YES;
				GCC_WARN_64_TO_32_BIT_CONVERSION = YES;
				GCC_WARN_ABOUT_RETURN_TYPE = YES_ERROR;
				GCC_WARN_UNDECLARED_SELECTOR = YES;
				GCC_WARN_UNINITIALIZED_AUTOS = YES_AGGRESSIVE;
				GCC_WARN_UNUSED_FUNCTION = YES;
				GCC_WARN_UNUSED_VARIABLE = YES;
				IPHONEOS_DEPLOYMENT_TARGET = 18.4;
				LOCALIZATION_PREFERS_STRING_CATALOGS = YES;
				MTL_ENABLE_DEBUG_INFO = NO;
				MTL_FAST_MATH = YES;
				SDKROOT = iphoneos;
				SWIFT_COMPILATION_MODE = wholemodule;
				VALIDATE_PRODUCT = YES;
			};
			name = Release;
		};
		6CED14E92DDF2F5E006EE0E5 /* Debug */ = {
			isa = XCBuildConfiguration;
			buildSettings = {
				ASSETCATALOG_COMPILER_APPICON_NAME = AppIcon;
				ASSETCATALOG_COMPILER_GLOBAL_ACCENT_COLOR_NAME = AccentColor;
				CODE_SIGN_ENTITLEMENTS = APOD/Resources/APOD.entitlements;
				CODE_SIGN_STYLE = Automatic;
				CURRENT_PROJECT_VERSION = 1;
				DEVELOPMENT_TEAM = EGJ7GMEH64;
				ENABLE_PREVIEWS = YES;
				GENERATE_INFOPLIST_FILE = YES;
				INFOPLIST_FILE = APOD/Resources/Info.plist;
				INFOPLIST_KEY_UIApplicationSceneManifest_Generation = YES;
				INFOPLIST_KEY_UIApplicationSupportsIndirectInputEvents = YES;
				INFOPLIST_KEY_UILaunchScreen_Generation = YES;
				INFOPLIST_KEY_UISupportedInterfaceOrientations_iPad = "UIInterfaceOrientationPortrait UIInterfaceOrientationPortraitUpsideDown UIInterfaceOrientationLandscapeLeft UIInterfaceOrientationLandscapeRight";
				INFOPLIST_KEY_UISupportedInterfaceOrientations_iPhone = "UIInterfaceOrientationPortrait UIInterfaceOrientationLandscapeLeft UIInterfaceOrientationLandscapeRight";
				IPHONEOS_DEPLOYMENT_TARGET = 16.0;
				LD_RUNPATH_SEARCH_PATHS = (
					"$(inherited)",
					"@executable_path/Frameworks",
				);
				MARKETING_VERSION = 1.0;
				PRODUCT_BUNDLE_IDENTIFIER = uk.co.willdale.APOD;
				PRODUCT_NAME = "$(TARGET_NAME)";
				SWIFT_EMIT_LOC_STRINGS = YES;
				SWIFT_VERSION = 5.0;
				TARGETED_DEVICE_FAMILY = "1,2";
			};
			name = Debug;
		};
		6CED14EA2DDF2F5E006EE0E5 /* Release */ = {
			isa = XCBuildConfiguration;
			buildSettings = {
				ASSETCATALOG_COMPILER_APPICON_NAME = AppIcon;
				ASSETCATALOG_COMPILER_GLOBAL_ACCENT_COLOR_NAME = AccentColor;
				CODE_SIGN_ENTITLEMENTS = APOD/Resources/APOD.entitlements;
				CODE_SIGN_STYLE = Automatic;
				CURRENT_PROJECT_VERSION = 1;
				DEVELOPMENT_TEAM = EGJ7GMEH64;
				ENABLE_PREVIEWS = YES;
				GENERATE_INFOPLIST_FILE = YES;
				INFOPLIST_FILE = APOD/Resources/Info.plist;
				INFOPLIST_KEY_UIApplicationSceneManifest_Generation = YES;
				INFOPLIST_KEY_UIApplicationSupportsIndirectInputEvents = YES;
				INFOPLIST_KEY_UILaunchScreen_Generation = YES;
				INFOPLIST_KEY_UISupportedInterfaceOrientations_iPad = "UIInterfaceOrientationPortrait UIInterfaceOrientationPortraitUpsideDown UIInterfaceOrientationLandscapeLeft UIInterfaceOrientationLandscapeRight";
				INFOPLIST_KEY_UISupportedInterfaceOrientations_iPhone = "UIInterfaceOrientationPortrait UIInterfaceOrientationLandscapeLeft UIInterfaceOrientationLandscapeRight";
				IPHONEOS_DEPLOYMENT_TARGET = 16.0;
				LD_RUNPATH_SEARCH_PATHS = (
					"$(inherited)",
					"@executable_path/Frameworks",
				);
				MARKETING_VERSION = 1.0;
				PRODUCT_BUNDLE_IDENTIFIER = uk.co.willdale.APOD;
				PRODUCT_NAME = "$(TARGET_NAME)";
				SWIFT_EMIT_LOC_STRINGS = YES;
				SWIFT_VERSION = 5.0;
				TARGETED_DEVICE_FAMILY = "1,2";
			};
			name = Release;
		};
		6CED14EC2DDF2F5E006EE0E5 /* Debug */ = {
			isa = XCBuildConfiguration;
			buildSettings = {
				BUNDLE_LOADER = "$(TEST_HOST)";
				CODE_SIGN_STYLE = Automatic;
				CURRENT_PROJECT_VERSION = 1;
				DEVELOPMENT_TEAM = EGJ7GMEH64;
				GENERATE_INFOPLIST_FILE = YES;
				IPHONEOS_DEPLOYMENT_TARGET = 16.0;
				MARKETING_VERSION = 1.0;
				PRODUCT_BUNDLE_IDENTIFIER = uk.co.willdale.APOD;
				PRODUCT_NAME = "$(TARGET_NAME)";
				SWIFT_EMIT_LOC_STRINGS = NO;
				SWIFT_VERSION = 5.0;
				TARGETED_DEVICE_FAMILY = "1,2";
				TEST_HOST = "$(BUILT_PRODUCTS_DIR)/APOD.app/$(BUNDLE_EXECUTABLE_FOLDER_PATH)/APOD";
			};
			name = Debug;
		};
		6CED14ED2DDF2F5E006EE0E5 /* Release */ = {
			isa = XCBuildConfiguration;
			buildSettings = {
				BUNDLE_LOADER = "$(TEST_HOST)";
				CODE_SIGN_STYLE = Automatic;
				CURRENT_PROJECT_VERSION = 1;
				DEVELOPMENT_TEAM = EGJ7GMEH64;
				GENERATE_INFOPLIST_FILE = YES;
				IPHONEOS_DEPLOYMENT_TARGET = 16.0;
				MARKETING_VERSION = 1.0;
				PRODUCT_BUNDLE_IDENTIFIER = uk.co.willdale.APOD;
				PRODUCT_NAME = "$(TARGET_NAME)";
				SWIFT_EMIT_LOC_STRINGS = NO;
				SWIFT_VERSION = 5.0;
				TARGETED_DEVICE_FAMILY = "1,2";
				TEST_HOST = "$(BUILT_PRODUCTS_DIR)/APOD.app/$(BUNDLE_EXECUTABLE_FOLDER_PATH)/APOD";
			};
			name = Release;
		};
		6CED14EF2DDF2F5E006EE0E5 /* Debug */ = {
			isa = XCBuildConfiguration;
			buildSettings = {
				CODE_SIGN_STYLE = Automatic;
				CURRENT_PROJECT_VERSION = 1;
				DEVELOPMENT_TEAM = EGJ7GMEH64;
				GENERATE_INFOPLIST_FILE = YES;
				IPHONEOS_DEPLOYMENT_TARGET = 16.0;
				MARKETING_VERSION = 1.0;
				PRODUCT_BUNDLE_IDENTIFIER = uk.co.willdale.APODUITests;
				PRODUCT_NAME = "$(TARGET_NAME)";
				SWIFT_EMIT_LOC_STRINGS = NO;
				SWIFT_VERSION = 5.0;
				TARGETED_DEVICE_FAMILY = "1,2";
				TEST_TARGET_NAME = APOD;
			};
			name = Debug;
		};
		6CED14F02DDF2F5E006EE0E5 /* Release */ = {
			isa = XCBuildConfiguration;
			buildSettings = {
				CODE_SIGN_STYLE = Automatic;
				CURRENT_PROJECT_VERSION = 1;
				DEVELOPMENT_TEAM = EGJ7GMEH64;
				GENERATE_INFOPLIST_FILE = YES;
				IPHONEOS_DEPLOYMENT_TARGET = 16.0;
				MARKETING_VERSION = 1.0;
				PRODUCT_BUNDLE_IDENTIFIER = uk.co.willdale.APODUITests;
				PRODUCT_NAME = "$(TARGET_NAME)";
				SWIFT_EMIT_LOC_STRINGS = NO;
				SWIFT_VERSION = 5.0;
				TARGETED_DEVICE_FAMILY = "1,2";
				TEST_TARGET_NAME = APOD;
			};
			name = Release;
		};
/* End XCBuildConfiguration section */

/* Begin XCConfigurationList section */
		6CED14C22DDF2F5D006EE0E5 /* Build configuration list for PBXProject "APOD" */ = {
			isa = XCConfigurationList;
			buildConfigurations = (
				6CED14E62DDF2F5E006EE0E5 /* Debug */,
				6CED14E72DDF2F5E006EE0E5 /* Release */,
			);
			defaultConfigurationIsVisible = 0;
			defaultConfigurationName = Release;
		};
		6CED14E82DDF2F5E006EE0E5 /* Build configuration list for PBXNativeTarget "APOD" */ = {
			isa = XCConfigurationList;
			buildConfigurations = (
				6CED14E92DDF2F5E006EE0E5 /* Debug */,
				6CED14EA2DDF2F5E006EE0E5 /* Release */,
			);
			defaultConfigurationIsVisible = 0;
			defaultConfigurationName = Release;
		};
		6CED14EB2DDF2F5E006EE0E5 /* Build configuration list for PBXNativeTarget "APODTests" */ = {
			isa = XCConfigurationList;
			buildConfigurations = (
				6CED14EC2DDF2F5E006EE0E5 /* Debug */,
				6CED14ED2DDF2F5E006EE0E5 /* Release */,
			);
			defaultConfigurationIsVisible = 0;
			defaultConfigurationName = Release;
		};
		6CED14EE2DDF2F5E006EE0E5 /* Build configuration list for PBXNativeTarget "APODUITests" */ = {
			isa = XCConfigurationList;
			buildConfigurations = (
				6CED14EF2DDF2F5E006EE0E5 /* Debug */,
				6CED14F02DDF2F5E006EE0E5 /* Release */,
			);
			defaultConfigurationIsVisible = 0;
			defaultConfigurationName = Release;
		};
/* End XCConfigurationList section */

/* Begin XCSwiftPackageProductDependency section */
		6CBDA1002DDF98C30053CD9C /* Library */ = {
			isa = XCSwiftPackageProductDependency;
			productName = Library;
		};
		6CE291582DE4780500CB776D /* Library */ = {
			isa = XCSwiftPackageProductDependency;
			productName = Library;
		};
		6CE2915A2DE4780500CB776D /* Networking */ = {
			isa = XCSwiftPackageProductDependency;
			productName = Networking;
		};
		6CEB5E6E2DE4744F00E0506E /* Networking */ = {
			isa = XCSwiftPackageProductDependency;
			productName = Networking;
		};
/* End XCSwiftPackageProductDependency section */
	};
	rootObject = 6CED14BF2DDF2F5D006EE0E5 /* Project object */;
}
